
Microsoft Visual Studio Solution File, Format Version 12.00
# Visual Studio Version 17
VisualStudioVersion = 17.1.32407.343
MinimumVisualStudioVersion = 10.0.40219.1
Project("{E24C65DC-7377-472B-9ABA-BC803B73C61A}") = "OnlineShop_Ofppt", "OnlineShop_Ofppt\", "{F17ACDC6-1626-4D9A-8C3B-9666B5D94ADC}"
	ProjectSection(WebsiteProperties) = preProject
		TargetFrameworkMoniker = ".NETFramework,Version%3Dv4.5.2"
		Debug.AspNetCompiler.VirtualPath = "/localhost_53510"
		Debug.AspNetCompiler.PhysicalPath = "OnlineShop_Ofppt\"
		Debug.AspNetCompiler.TargetPath = "PrecompiledWeb\localhost_53510\"
		Debug.AspNetCompiler.Updateable = "true"
		Debug.AspNetCompiler.ForceOverwrite = "true"
		Debug.AspNetCompiler.FixedNames = "false"
		Debug.AspNetCompiler.Debug = "True"
		Release.AspNetCompiler.VirtualPath = "/localhost_53510"
		Release.AspNetCompiler.PhysicalPath = "OnlineShop_Ofppt\"
		Release.AspNetCompiler.TargetPath = "PrecompiledWeb\localhost_53510\"
		Release.AspNetCompiler.Updateable = "true"
		Release.AspNetCompiler.ForceOverwrite = "true"
		Release.AspNetCompiler.FixedNames = "false"
		Release.AspNetCompiler.Debug = "False"
		VWDPort = "53510"
		DefaultWebSiteLanguage = "Visual C#"
	EndProjectSection
EndProject
Global
	GlobalSection(SolutionConfigurationPlatforms) = preSolution
		Debug|Any CPU = Debug|Any CPU
	EndGlobalSection
	GlobalSection(ProjectConfigurationPlatforms) = postSolution
		{F17ACDC6-1626-4D9A-8C3B-9666B5D94ADC}.Debug|Any CPU.ActiveCfg = Debug|Any CPU
		{F17ACDC6-1626-4D9A-8C3B-9666B5D94ADC}.Debug|Any CPU.Build.0 = Debug|Any CPU
	EndGlobalSection
	GlobalSection(SolutionProperties) = preSolution
		HideSolutionNode = FALSE
	EndGlobalSection
	GlobalSection(ExtensibilityGlobals) = postSolution
		SolutionGuid = {21C43544-9838-405A-93C7-60B294A1DC7C}
	EndGlobalSection
EndGlobal
